<?xml version="1.0" encoding="utf-8"?>
<Project ToolsVersion="4.0" xmlns="http://schemas.microsoft.com/developer/msbuild/2003">
  <ItemGroup>
    <Filter Include="App">
      <UniqueIdentifier>{ece40f50-b887-44f0-8c9d-4471a82549f3}</UniqueIdentifier>
    </Filter>
    <Filter Include="Infrastructure">
      <UniqueIdentifier>{8a3ac799-4042-4579-b0e2-12f3b4b502ee}</UniqueIdentifier>
    </Filter>
    <Filter Include="Models">
      <UniqueIdentifier>{89e6074c-7d32-4ec6-9f3b-3326774b9ddf}</UniqueIdentifier>
    </Filter>
    <Filter Include="Infrastructure\Menu">
      <UniqueIdentifier>{c0e4a3b3-55a0-4e28-aa0c-8081745bbed2}</UniqueIdentifier>
    </Filter>
    <Filter Include="Infrastructure\Colors">
      <UniqueIdentifier>{73f5bc08-25c2-4ba5-90cd-b965157a5247}</UniqueIdentifier>
    </Filter>
  </ItemGroup>
  <ItemGroup>
    <ClCompile Include="Menu.cpp">
      <Filter>Infrastructure\Menu</Filter>
    </ClCompile>
    <ClCompile Include="App.cpp">
      <Filter>App</Filter>
    </ClCompile>
    <ClCompile Include="Bus.cpp">
      <Filter>Models</Filter>
    </ClCompile>
    <ClCompile Include="Utils.cpp">
      <Filter>Infrastructure</Filter>
    </ClCompile>
    <ClCompile Include="Main.cpp" />
    <ClCompile Include="MenuItem.cpp">
      <Filter>Infrastructure\Menu</Filter>
    </ClCompile>
  </ItemGroup>
  <ItemGroup>
    <ClInclude Include="Menu.h">
      <Filter>Infrastructure\Menu</Filter>
    </ClInclude>
    <ClInclude Include="MenuItem.h">
      <Filter>Infrastructure\Menu</Filter>
    </ClInclude>
    <ClInclude Include="App.h">
      <Filter>App</Filter>
    </ClInclude>
    <ClInclude Include="Bus.h">
      <Filter>Models</Filter>
    </ClInclude>
    <ClInclude Include="pch.h">
      <Filter>Infrastructure</Filter>
    </ClInclude>
    <ClInclude Include="Utils.h">
      <Filter>Infrastructure</Filter>
    </ClInclude>
    <ClInclude Include="Colors.h">
      <Filter>Infrastructure\Colors</Filter>
    </ClInclude>
    <ClInclude Include="Palette.h">
      <Filter>Infrastructure\Colors</Filter>
    </ClInclude>
    <ClInclude Include="FKeys.h">
      <Filter>Infrastructure</Filter>
    </ClInclude>
  </ItemGroup>
</Project>